PODS:
  - ActionSheetPicker-3.0 (1.3.11)
  - AFNetworking (1.3.4)
  - Bolts (1.1.3)
  - Facebook-iOS-SDK (3.22.0):
    - Bolts (~> 1.0)
  - Firebase (2.1.2)
  - google-plus-ios-sdk (1.7.1)
  - ISO8601DateFormatterValueTransformer (0.6.0):
    - RKValueTransformers (~> 1.1.0)
  - RBStoryboardLink (0.1.0)
  - RestKit (0.24.0):
    - RestKit/Core
  - RestKit/Core (0.24.0):
    - RestKit/CoreData
    - RestKit/Network
    - RestKit/ObjectMapping
  - RestKit/CoreData (0.24.0):
    - RestKit/ObjectMapping
  - RestKit/Network (0.24.0):
    - AFNetworking (~> 1.3.0)
    - RestKit/ObjectMapping
    - RestKit/Support
    - SOCKit
  - RestKit/ObjectMapping (0.24.0):
    - ISO8601DateFormatterValueTransformer (~> 0.6.0)
    - RestKit/Support
    - RKValueTransformers (~> 1.1.0)
  - RestKit/Support (0.24.0):
    - TransitionKit (= 2.1.0)
  - RKValueTransformers (1.1.1)
  - SOCKit (1.1)
  - SSKeychain (1.2.2)
  - SWRevealViewController (2.3.0)
  - TransitionKit (2.1.0)

DEPENDENCIES:
  - ActionSheetPicker-3.0
  - Facebook-iOS-SDK
  - Firebase
  - google-plus-ios-sdk
  - RBStoryboardLink
  - RestKit
  - SSKeychain
  - SWRevealViewController

SPEC CHECKSUMS:
  ActionSheetPicker-3.0: 4f48f8ca46f981effd10ba59a73401d4ae9d6a2e
  AFNetworking: 80c4e0652b08eb34e25b9c0ff3c82556fe5967b4
  Bolts: 3db0a875235e0c9042b013af13af0f00f79b102c
  Facebook-iOS-SDK: 0eda8ff7120aada0a9c5f98552f7625da6c3440a
  Firebase: 7052c7b7f37d6ba0d3bb1c7c2849864aa5e9d02e
  google-plus-ios-sdk: bb7b918c2ee0d5f5e389c4fddc06d71995481f67
  ISO8601DateFormatterValueTransformer: a705384ea6531255258e25b6480ba1180db703a0
  RBStoryboardLink: 2abe4697a7dd6137482590b044f6e4f1c2b05837
  RestKit: 8e301e50e1d25ce427215539f4fd72463f4a2a58
  RKValueTransformers: 67b4ea3eb6a1c1a0b8c3c37eb4e4c05e4febeba2
  SOCKit: d8d0dd3688ae1026c12367570da8fa8e1a6980fb
  SSKeychain: cc48bd3ad24fcd9125adb9e0d23dd50b8bbd08b9
  SWRevealViewController: f6d80638b8e12323e87ac79562345403a799cb77
  TransitionKit: 6a6f3ddda38ae758778aa889dcb930e4f8d64edc

COCOAPODS: 0.34.2
