PODS:
  - ActionSheetPicker-3.0 (1.3.11)
  - AFNetworking (1.3.4)
  - Bolts (1.1.3)
  - Facebook-iOS-SDK (3.22.0):
    - Bolts (~> 1.0)
  - Firebase (2.1.2)
  - google-plus-ios-sdk (1.7.1)
  - ISO8601DateFormatterValueTransformer (0.6.0):
    - RKValueTransformers (~> 1.1.0)
  - RBStoryboardLink (0.1.0)
  - RestKit (0.24.0):
    - RestKit/Core (= 0.24.0)
  - RestKit/Core (0.24.0):
    - RestKit/CoreData
    - RestKit/Network
    - RestKit/ObjectMapping
  - RestKit/CoreData (0.24.0):
    - RestKit/ObjectMapping
  - RestKit/Network (0.24.0):
    - AFNetworking (~> 1.3.0)
    - RestKit/ObjectMapping
    - RestKit/Support
    - SOCKit
  - RestKit/ObjectMapping (0.24.0):
    - ISO8601DateFormatterValueTransformer (~> 0.6.0)
    - RestKit/Support
    - RKValueTransformers (~> 1.1.0)
  - RestKit/Support (0.24.0):
    - TransitionKit (= 2.1.0)
  - RKValueTransformers (1.1.1)
  - SOCKit (1.1)
  - SSKeychain (1.2.2)
  - SWRevealViewController (2.3.0)
  - TransitionKit (2.1.0)

DEPENDENCIES:
  - ActionSheetPicker-3.0
  - Facebook-iOS-SDK
  - Firebase
  - google-plus-ios-sdk
  - RBStoryboardLink
  - RestKit
  - SSKeychain
  - SWRevealViewController

SPEC CHECKSUMS:
  ActionSheetPicker-3.0: 26a7dbcd84f2551d0edab3a59d007c0bb3aa007a
  AFNetworking: cf8e418e16f0c9c7e5c3150d019a3c679d015018
  Bolts: e431c88fd02115d4a34016c2100bbfa4d2d5b146
  Facebook-iOS-SDK: 141cba3ba6c484380eb38c573110af9e4fbf8962
  Firebase: 83d40785e3d3e68ed37d487c33c5411c13b2f3cd
  google-plus-ios-sdk: 47adbe03ea904bdb7aa1c0eca282a23c4686e1bc
  ISO8601DateFormatterValueTransformer: 3ac3a721381697cab4e792d8049ce2f2e9ad3036
  RBStoryboardLink: 438a56a29ef5a433d33d2f045533d6ca8d1f7755
  RestKit: 34ba15ca955f7d5436a4120b7f19884f3df056a8
  RKValueTransformers: d016f1967ae67997e492520fd0f9c512ccf168ae
  SOCKit: c7376ac262bea9115b8f749358f762522a47d392
  SSKeychain: 88767e903ee8d274ed380e364d96b7a101235286
  SWRevealViewController: 6d3fd97f70112fd7cef9de14df4260eacce4c63a
  TransitionKit: bc306605fb5e05a743c18d42239dc0e211619547

COCOAPODS: 0.36.3
